// !$*UTF8*$!
{
	archiveVersion = 1;
	classes = {
	};
	objectVersion = 50;
	objects = {

/* Begin PBXBuildFile section */
		0327A09922CA032400D84D0D /* MainWindowController.xib in Resources */ = {isa = PBXBuildFile; fileRef = 0327A09B22CA032400D84D0D /* MainWindowController.xib */; };
		0383D92C20EB8F5000A27010 /* AppDelegate.swift in Sources */ = {isa = PBXBuildFile; fileRef = 0383D92B20EB8F5000A27010 /* AppDelegate.swift */; };
		0383D92E20EB8F5100A27010 /* Assets.xcassets in Resources */ = {isa = PBXBuildFile; fileRef = 0383D92D20EB8F5100A27010 /* Assets.xcassets */; };
		0383D93120EB8F5200A27010 /* MainMenu.xib in Resources */ = {isa = PBXBuildFile; fileRef = 0383D92F20EB8F5200A27010 /* MainMenu.xib */; };
		0383D93D20EB8F5200A27010 /* AutoCompleteTextFieldTests.swift in Sources */ = {isa = PBXBuildFile; fileRef = 0383D93C20EB8F5200A27010 /* AutoCompleteTextFieldTests.swift */; };
		0383D94820EB8F5200A27010 /* AutoCompleteTextFieldUITests.swift in Sources */ = {isa = PBXBuildFile; fileRef = 0383D94720EB8F5200A27010 /* AutoCompleteTextFieldUITests.swift */; };
		0383D95620EB8FBA00A27010 /* AutoCompleteTextField.swift in Sources */ = {isa = PBXBuildFile; fileRef = 0383D95520EB8FBA00A27010 /* AutoCompleteTextField.swift */; };
		0383D95920EB8FFB00A27010 /* MainWindowController.swift in Sources */ = {isa = PBXBuildFile; fileRef = 0383D95720EB8FFB00A27010 /* MainWindowController.swift */; };
		0383D95C20EB93B800A27010 /* Cities.swift in Sources */ = {isa = PBXBuildFile; fileRef = 0383D95B20EB93B800A27010 /* Cities.swift */; };
		0383D96220EB95C100A27010 /* city.list.json in Resources */ = {isa = PBXBuildFile; fileRef = 0383D96120EB95C000A27010 /* city.list.json */; };
/* End PBXBuildFile section */

/* Begin PBXContainerItemProxy section */
		0383D93920EB8F5200A27010 /* PBXContainerItemProxy */ = {
			isa = PBXContainerItemProxy;
			containerPortal = 0383D92020EB8F5000A27010 /* Project object */;
			proxyType = 1;
			remoteGlobalIDString = 0383D92720EB8F5000A27010;
			remoteInfo = AutoCompleteTextField;
		};
		0383D94420EB8F5200A27010 /* PBXContainerItemProxy */ = {
			isa = PBXContainerItemProxy;
			containerPortal = 0383D92020EB8F5000A27010 /* Project object */;
			proxyType = 1;
			remoteGlobalIDString = 0383D92720EB8F5000A27010;
			remoteInfo = AutoCompleteTextField;
		};
/* End PBXContainerItemProxy section */

/* Begin PBXFileReference section */
		0327A09A22CA032400D84D0D /* Base */ = {isa = PBXFileReference; lastKnownFileType = file.xib; name = Base; path = Base.lproj/MainWindowController.xib; sourceTree = "<group>"; };
		0327A09D22CA032C00D84D0D /* en */ = {isa = PBXFileReference; lastKnownFileType = text.plist.strings; name = en; path = en.lproj/MainWindowController.strings; sourceTree = "<group>"; };
		0327A09E22CA033700D84D0D /* fr */ = {isa = PBXFileReference; lastKnownFileType = text.plist.strings; name = fr; path = fr.lproj/MainMenu.strings; sourceTree = "<group>"; };
		0327A09F22CA033700D84D0D /* fr */ = {isa = PBXFileReference; lastKnownFileType = text.plist.strings; name = fr; path = fr.lproj/MainWindowController.strings; sourceTree = "<group>"; };
		0327A0A122CA035100D84D0D /* en */ = {isa = PBXFileReference; lastKnownFileType = text.plist.strings; name = en; path = en.lproj/MainMenu.strings; sourceTree = "<group>"; };
		0383D92820EB8F5000A27010 /* AutoCompleteTextField.app */ = {isa = PBXFileReference; explicitFileType = wrapper.application; includeInIndex = 0; path = AutoCompleteTextField.app; sourceTree = BUILT_PRODUCTS_DIR; };
		0383D92B20EB8F5000A27010 /* AppDelegate.swift */ = {isa = PBXFileReference; lastKnownFileType = sourcecode.swift; path = AppDelegate.swift; sourceTree = "<group>"; };
		0383D92D20EB8F5100A27010 /* Assets.xcassets */ = {isa = PBXFileReference; lastKnownFileType = folder.assetcatalog; path = Assets.xcassets; sourceTree = "<group>"; };
		0383D93020EB8F5200A27010 /* Base */ = {isa = PBXFileReference; lastKnownFileType = file.xib; name = Base; path = Base.lproj/MainMenu.xib; sourceTree = "<group>"; };
		0383D93220EB8F5200A27010 /* Info.plist */ = {isa = PBXFileReference; lastKnownFileType = text.plist.xml; path = Info.plist; sourceTree = "<group>"; };
		0383D93320EB8F5200A27010 /* AutoCompleteTextField.entitlements */ = {isa = PBXFileReference; lastKnownFileType = text.plist.entitlements; path = AutoCompleteTextField.entitlements; sourceTree = "<group>"; };
		0383D93820EB8F5200A27010 /* AutoCompleteTextFieldTests.xctest */ = {isa = PBXFileReference; explicitFileType = wrapper.cfbundle; includeInIndex = 0; path = AutoCompleteTextFieldTests.xctest; sourceTree = BUILT_PRODUCTS_DIR; };
		0383D93C20EB8F5200A27010 /* AutoCompleteTextFieldTests.swift */ = {isa = PBXFileReference; lastKnownFileType = sourcecode.swift; path = AutoCompleteTextFieldTests.swift; sourceTree = "<group>"; };
		0383D93E20EB8F5200A27010 /* Info.plist */ = {isa = PBXFileReference; lastKnownFileType = text.plist.xml; path = Info.plist; sourceTree = "<group>"; };
		0383D94320EB8F5200A27010 /* AutoCompleteTextFieldUITests.xctest */ = {isa = PBXFileReference; explicitFileType = wrapper.cfbundle; includeInIndex = 0; path = AutoCompleteTextFieldUITests.xctest; sourceTree = BUILT_PRODUCTS_DIR; };
		0383D94720EB8F5200A27010 /* AutoCompleteTextFieldUITests.swift */ = {isa = PBXFileReference; lastKnownFileType = sourcecode.swift; path = AutoCompleteTextFieldUITests.swift; sourceTree = "<group>"; };
		0383D94920EB8F5200A27010 /* Info.plist */ = {isa = PBXFileReference; lastKnownFileType = text.plist.xml; path = Info.plist; sourceTree = "<group>"; };
		0383D95520EB8FBA00A27010 /* AutoCompleteTextField.swift */ = {isa = PBXFileReference; fileEncoding = 4; lastKnownFileType = sourcecode.swift; path = AutoCompleteTextField.swift; sourceTree = "<group>"; };
		0383D95720EB8FFB00A27010 /* MainWindowController.swift */ = {isa = PBXFileReference; lastKnownFileType = sourcecode.swift; path = MainWindowController.swift; sourceTree = "<group>"; };
		0383D95B20EB93B800A27010 /* Cities.swift */ = {isa = PBXFileReference; fileEncoding = 4; lastKnownFileType = sourcecode.swift; path = Cities.swift; sourceTree = "<group>"; };
		0383D96120EB95C000A27010 /* city.list.json */ = {isa = PBXFileReference; fileEncoding = 4; lastKnownFileType = text.json; path = city.list.json; sourceTree = "<group>"; };
/* End PBXFileReference section */

/* Begin PBXFrameworksBuildPhase section */
		0383D92520EB8F5000A27010 /* Frameworks */ = {
			isa = PBXFrameworksBuildPhase;
			buildActionMask = 2147483647;
			files = (
			);
			runOnlyForDeploymentPostprocessing = 0;
		};
		0383D93520EB8F5200A27010 /* Frameworks */ = {
			isa = PBXFrameworksBuildPhase;
			buildActionMask = 2147483647;
			files = (
			);
			runOnlyForDeploymentPostprocessing = 0;
		};
		0383D94020EB8F5200A27010 /* Frameworks */ = {
			isa = PBXFrameworksBuildPhase;
			buildActionMask = 2147483647;
			files = (
			);
			runOnlyForDeploymentPostprocessing = 0;
		};
/* End PBXFrameworksBuildPhase section */

/* Begin PBXGroup section */
		0383D91F20EB8F5000A27010 = {
			isa = PBXGroup;
			children = (
				0383D92A20EB8F5000A27010 /* AutoCompleteTextField */,
				0383D93B20EB8F5200A27010 /* AutoCompleteTextFieldTests */,
				0383D94620EB8F5200A27010 /* AutoCompleteTextFieldUITests */,
				0383D92920EB8F5000A27010 /* Products */,
			);
			sourceTree = "<group>";
		};
		0383D92920EB8F5000A27010 /* Products */ = {
			isa = PBXGroup;
			children = (
				0383D92820EB8F5000A27010 /* AutoCompleteTextField.app */,
				0383D93820EB8F5200A27010 /* AutoCompleteTextFieldTests.xctest */,
				0383D94320EB8F5200A27010 /* AutoCompleteTextFieldUITests.xctest */,
			);
			name = Products;
			sourceTree = "<group>";
		};
		0383D92A20EB8F5000A27010 /* AutoCompleteTextField */ = {
			isa = PBXGroup;
			children = (
				0383D95520EB8FBA00A27010 /* AutoCompleteTextField.swift */,
				0383D92B20EB8F5000A27010 /* AppDelegate.swift */,
				0383D92D20EB8F5100A27010 /* Assets.xcassets */,
				0383D92F20EB8F5200A27010 /* MainMenu.xib */,
				0383D93220EB8F5200A27010 /* Info.plist */,
				0383D93320EB8F5200A27010 /* AutoCompleteTextField.entitlements */,
				0383D95B20EB93B800A27010 /* Cities.swift */,
				0383D96120EB95C000A27010 /* city.list.json */,
				0383D95720EB8FFB00A27010 /* MainWindowController.swift */,
				0327A09B22CA032400D84D0D /* MainWindowController.xib */,
			);
			path = AutoCompleteTextField;
			sourceTree = "<group>";
		};
		0383D93B20EB8F5200A27010 /* AutoCompleteTextFieldTests */ = {
			isa = PBXGroup;
			children = (
				0383D93C20EB8F5200A27010 /* AutoCompleteTextFieldTests.swift */,
				0383D93E20EB8F5200A27010 /* Info.plist */,
			);
			path = AutoCompleteTextFieldTests;
			sourceTree = "<group>";
		};
		0383D94620EB8F5200A27010 /* AutoCompleteTextFieldUITests */ = {
			isa = PBXGroup;
			children = (
				0383D94720EB8F5200A27010 /* AutoCompleteTextFieldUITests.swift */,
				0383D94920EB8F5200A27010 /* Info.plist */,
			);
			path = AutoCompleteTextFieldUITests;
			sourceTree = "<group>";
		};
/* End PBXGroup section */

/* Begin PBXNativeTarget section */
		0383D92720EB8F5000A27010 /* AutoCompleteTextField */ = {
			isa = PBXNativeTarget;
			buildConfigurationList = 0383D94C20EB8F5200A27010 /* Build configuration list for PBXNativeTarget "AutoCompleteTextField" */;
			buildPhases = (
				0383D92420EB8F5000A27010 /* Sources */,
				0383D92520EB8F5000A27010 /* Frameworks */,
				0383D92620EB8F5000A27010 /* Resources */,
			);
			buildRules = (
			);
			dependencies = (
			);
			name = AutoCompleteTextField;
			productName = AutoCompleteTextField;
			productReference = 0383D92820EB8F5000A27010 /* AutoCompleteTextField.app */;
			productType = "com.apple.product-type.application";
		};
		0383D93720EB8F5200A27010 /* AutoCompleteTextFieldTests */ = {
			isa = PBXNativeTarget;
			buildConfigurationList = 0383D94F20EB8F5200A27010 /* Build configuration list for PBXNativeTarget "AutoCompleteTextFieldTests" */;
			buildPhases = (
				0383D93420EB8F5200A27010 /* Sources */,
				0383D93520EB8F5200A27010 /* Frameworks */,
				0383D93620EB8F5200A27010 /* Resources */,
			);
			buildRules = (
			);
			dependencies = (
				0383D93A20EB8F5200A27010 /* PBXTargetDependency */,
			);
			name = AutoCompleteTextFieldTests;
			productName = AutoCompleteTextFieldTests;
			productReference = 0383D93820EB8F5200A27010 /* AutoCompleteTextFieldTests.xctest */;
			productType = "com.apple.product-type.bundle.unit-test";
		};
		0383D94220EB8F5200A27010 /* AutoCompleteTextFieldUITests */ = {
			isa = PBXNativeTarget;
			buildConfigurationList = 0383D95220EB8F5200A27010 /* Build configuration list for PBXNativeTarget "AutoCompleteTextFieldUITests" */;
			buildPhases = (
				0383D93F20EB8F5200A27010 /* Sources */,
				0383D94020EB8F5200A27010 /* Frameworks */,
				0383D94120EB8F5200A27010 /* Resources */,
			);
			buildRules = (
			);
			dependencies = (
				0383D94520EB8F5200A27010 /* PBXTargetDependency */,
			);
			name = AutoCompleteTextFieldUITests;
			productName = AutoCompleteTextFieldUITests;
			productReference = 0383D94320EB8F5200A27010 /* AutoCompleteTextFieldUITests.xctest */;
			productType = "com.apple.product-type.bundle.ui-testing";
		};
/* End PBXNativeTarget section */

/* Begin PBXProject section */
		0383D92020EB8F5000A27010 /* Project object */ = {
			isa = PBXProject;
			attributes = {
				LastSwiftUpdateCheck = 1000;
				LastUpgradeCheck = 1100;
				ORGANIZATIONNAME = thierryH24;
				TargetAttributes = {
					0383D92720EB8F5000A27010 = {
						CreatedOnToolsVersion = 10.0;
						LastSwiftMigration = 1100;
						SystemCapabilities = {
							com.apple.Sandbox = {
								enabled = 0;
							};
						};
					};
					0383D93720EB8F5200A27010 = {
						CreatedOnToolsVersion = 10.0;
						LastSwiftMigration = 1100;
						TestTargetID = 0383D92720EB8F5000A27010;
					};
					0383D94220EB8F5200A27010 = {
						CreatedOnToolsVersion = 10.0;
						LastSwiftMigration = 1100;
						TestTargetID = 0383D92720EB8F5000A27010;
					};
				};
			};
			buildConfigurationList = 0383D92320EB8F5000A27010 /* Build configuration list for PBXProject "AutoCompleteTextField" */;
			compatibilityVersion = "Xcode 9.3";
			developmentRegion = en;
			hasScannedForEncodings = 0;
			knownRegions = (
				en,
				Base,
				fr,
			);
			mainGroup = 0383D91F20EB8F5000A27010;
			productRefGroup = 0383D92920EB8F5000A27010 /* Products */;
			projectDirPath = "";
			projectRoot = "";
			targets = (
				0383D92720EB8F5000A27010 /* AutoCompleteTextField */,
				0383D93720EB8F5200A27010 /* AutoCompleteTextFieldTests */,
				0383D94220EB8F5200A27010 /* AutoCompleteTextFieldUITests */,
			);
		};
/* End PBXProject section */

/* Begin PBXResourcesBuildPhase section */
		0383D92620EB8F5000A27010 /* Resources */ = {
			isa = PBXResourcesBuildPhase;
			buildActionMask = 2147483647;
			files = (
				0383D96220EB95C100A27010 /* city.list.json in Resources */,
				0383D92E20EB8F5100A27010 /* Assets.xcassets in Resources */,
				0327A09922CA032400D84D0D /* MainWindowController.xib in Resources */,
				0383D93120EB8F5200A27010 /* MainMenu.xib in Resources */,
			);
			runOnlyForDeploymentPostprocessing = 0;
		};
		0383D93620EB8F5200A27010 /* Resources */ = {
			isa = PBXResourcesBuildPhase;
			buildActionMask = 2147483647;
			files = (
			);
			runOnlyForDeploymentPostprocessing = 0;
		};
		0383D94120EB8F5200A27010 /* Resources */ = {
			isa = PBXResourcesBuildPhase;
			buildActionMask = 2147483647;
			files = (
			);
			runOnlyForDeploymentPostprocessing = 0;
		};
/* End PBXResourcesBuildPhase section */

/* Begin PBXSourcesBuildPhase section */
		0383D92420EB8F5000A27010 /* Sources */ = {
			isa = PBXSourcesBuildPhase;
			buildActionMask = 2147483647;
			files = (
				0383D95C20EB93B800A27010 /* Cities.swift in Sources */,
				0383D92C20EB8F5000A27010 /* AppDelegate.swift in Sources */,
				0383D95620EB8FBA00A27010 /* AutoCompleteTextField.swift in Sources */,
				0383D95920EB8FFB00A27010 /* MainWindowController.swift in Sources */,
			);
			runOnlyForDeploymentPostprocessing = 0;
		};
		0383D93420EB8F5200A27010 /* Sources */ = {
			isa = PBXSourcesBuildPhase;
			buildActionMask = 2147483647;
			files = (
				0383D93D20EB8F5200A27010 /* AutoCompleteTextFieldTests.swift in Sources */,
			);
			runOnlyForDeploymentPostprocessing = 0;
		};
		0383D93F20EB8F5200A27010 /* Sources */ = {
			isa = PBXSourcesBuildPhase;
			buildActionMask = 2147483647;
			files = (
				0383D94820EB8F5200A27010 /* AutoCompleteTextFieldUITests.swift in Sources */,
			);
			runOnlyForDeploymentPostprocessing = 0;
		};
/* End PBXSourcesBuildPhase section */

/* Begin PBXTargetDependency section */
		0383D93A20EB8F5200A27010 /* PBXTargetDependency */ = {
			isa = PBXTargetDependency;
			target = 0383D92720EB8F5000A27010 /* AutoCompleteTextField */;
			targetProxy = 0383D93920EB8F5200A27010 /* PBXContainerItemProxy */;
		};
		0383D94520EB8F5200A27010 /* PBXTargetDependency */ = {
			isa = PBXTargetDependency;
			target = 0383D92720EB8F5000A27010 /* AutoCompleteTextField */;
			targetProxy = 0383D94420EB8F5200A27010 /* PBXContainerItemProxy */;
		};
/* End PBXTargetDependency section */

/* Begin PBXVariantGroup section */
		0327A09B22CA032400D84D0D /* MainWindowController.xib */ = {
			isa = PBXVariantGroup;
			children = (
				0327A09A22CA032400D84D0D /* Base */,
				0327A09D22CA032C00D84D0D /* en */,
				0327A09F22CA033700D84D0D /* fr */,
			);
			name = MainWindowController.xib;
			sourceTree = "<group>";
		};
		0383D92F20EB8F5200A27010 /* MainMenu.xib */ = {
			isa = PBXVariantGroup;
			children = (
				0383D93020EB8F5200A27010 /* Base */,
				0327A09E22CA033700D84D0D /* fr */,
				0327A0A122CA035100D84D0D /* en */,
			);
			name = MainMenu.xib;
			sourceTree = "<group>";
		};
/* End PBXVariantGroup section */

/* Begin XCBuildConfiguration section */
		0383D94A20EB8F5200A27010 /* Debug */ = {
			isa = XCBuildConfiguration;
			buildSettings = {
				ALWAYS_SEARCH_USER_PATHS = NO;
				CLANG_ANALYZER_LOCALIZABILITY_NONLOCALIZED = YES;
				CLANG_ANALYZER_NONNULL = YES;
				CLANG_ANALYZER_NUMBER_OBJECT_CONVERSION = YES_AGGRESSIVE;
				CLANG_CXX_LANGUAGE_STANDARD = "gnu++14";
				CLANG_CXX_LIBRARY = "libc++";
				CLANG_ENABLE_MODULES = YES;
				CLANG_ENABLE_OBJC_ARC = YES;
				CLANG_ENABLE_OBJC_WEAK = YES;
				CLANG_WARN_BLOCK_CAPTURE_AUTORELEASING = YES;
				CLANG_WARN_BOOL_CONVERSION = YES;
				CLANG_WARN_COMMA = YES;
				CLANG_WARN_CONSTANT_CONVERSION = YES;
				CLANG_WARN_DEPRECATED_OBJC_IMPLEMENTATIONS = YES;
				CLANG_WARN_DIRECT_OBJC_ISA_USAGE = YES_ERROR;
				CLANG_WARN_DOCUMENTATION_COMMENTS = YES;
				CLANG_WARN_EMPTY_BODY = YES;
				CLANG_WARN_ENUM_CONVERSION = YES;
				CLANG_WARN_INFINITE_RECURSION = YES;
				CLANG_WARN_INT_CONVERSION = YES;
				CLANG_WARN_NON_LITERAL_NULL_CONVERSION = YES;
				CLANG_WARN_OBJC_IMPLICIT_RETAIN_SELF = YES;
				CLANG_WARN_OBJC_LITERAL_CONVERSION = YES;
				CLANG_WARN_OBJC_ROOT_CLASS = YES_ERROR;
				CLANG_WARN_RANGE_LOOP_ANALYSIS = YES;
				CLANG_WARN_STRICT_PROTOTYPES = YES;
				CLANG_WARN_SUSPICIOUS_MOVE = YES;
				CLANG_WARN_UNGUARDED_AVAILABILITY = YES_AGGRESSIVE;
				CLANG_WARN_UNREACHABLE_CODE = YES;
				CLANG_WARN__DUPLICATE_METHOD_MATCH = YES;
				CODE_SIGN_IDENTITY = "-";
				COPY_PHASE_STRIP = NO;
				DEBUG_INFORMATION_FORMAT = dwarf;
				ENABLE_STRICT_OBJC_MSGSEND = YES;
				ENABLE_TESTABILITY = YES;
				GCC_C_LANGUAGE_STANDARD = gnu11;
				GCC_DYNAMIC_NO_PIC = NO;
				GCC_NO_COMMON_BLOCKS = YES;
				GCC_OPTIMIZATION_LEVEL = 0;
				GCC_PREPROCESSOR_DEFINITIONS = (
					"DEBUG=1",
					"$(inherited)",
				);
				GCC_WARN_64_TO_32_BIT_CONVERSION = YES;
				GCC_WARN_ABOUT_RETURN_TYPE = YES_ERROR;
				GCC_WARN_UNDECLARED_SELECTOR = YES;
				GCC_WARN_UNINITIALIZED_AUTOS = YES_AGGRESSIVE;
				GCC_WARN_UNUSED_FUNCTION = YES;
				GCC_WARN_UNUSED_VARIABLE = YES;
				MACOSX_DEPLOYMENT_TARGET = 10.13;
				MTL_ENABLE_DEBUG_INFO = INCLUDE_SOURCE;
				ONLY_ACTIVE_ARCH = YES;
				SDKROOT = macosx;
				SWIFT_ACTIVE_COMPILATION_CONDITIONS = DEBUG;
				SWIFT_OPTIMIZATION_LEVEL = "-Onone";
			};
			name = Debug;
		};
		0383D94B20EB8F5200A27010 /* Release */ = {
			isa = XCBuildConfiguration;
			buildSettings = {
				ALWAYS_SEARCH_USER_PATHS = NO;
				CLANG_ANALYZER_LOCALIZABILITY_NONLOCALIZED = YES;
				CLANG_ANALYZER_NONNULL = YES;
				CLANG_ANALYZER_NUMBER_OBJECT_CONVERSION = YES_AGGRESSIVE;
				CLANG_CXX_LANGUAGE_STANDARD = "gnu++14";
				CLANG_CXX_LIBRARY = "libc++";
				CLANG_ENABLE_MODULES = YES;
				CLANG_ENABLE_OBJC_ARC = YES;
				CLANG_ENABLE_OBJC_WEAK = YES;
				CLANG_WARN_BLOCK_CAPTURE_AUTORELEASING = YES;
				CLANG_WARN_BOOL_CONVERSION = YES;
				CLANG_WARN_COMMA = YES;
				CLANG_WARN_CONSTANT_CONVERSION = YES;
				CLANG_WARN_DEPRECATED_OBJC_IMPLEMENTATIONS = YES;
				CLANG_WARN_DIRECT_OBJC_ISA_USAGE = YES_ERROR;
				CLANG_WARN_DOCUMENTATION_COMMENTS = YES;
				CLANG_WARN_EMPTY_BODY = YES;
				CLANG_WARN_ENUM_CONVERSION = YES;
				CLANG_WARN_INFINITE_RECURSION = YES;
				CLANG_WARN_INT_CONVERSION = YES;
				CLANG_WARN_NON_LITERAL_NULL_CONVERSION = YES;
				CLANG_WARN_OBJC_IMPLICIT_RETAIN_SELF = YES;
				CLANG_WARN_OBJC_LITERAL_CONVERSION = YES;
				CLANG_WARN_OBJC_ROOT_CLASS = YES_ERROR;
				CLANG_WARN_RANGE_LOOP_ANALYSIS = YES;
				CLANG_WARN_STRICT_PROTOTYPES = YES;
				CLANG_WARN_SUSPICIOUS_MOVE = YES;
				CLANG_WARN_UNGUARDED_AVAILABILITY = YES_AGGRESSIVE;
				CLANG_WARN_UNREACHABLE_CODE = YES;
				CLANG_WARN__DUPLICATE_METHOD_MATCH = YES;
				CODE_SIGN_IDENTITY = "-";
				COPY_PHASE_STRIP = NO;
				DEBUG_INFORMATION_FORMAT = "dwarf-with-dsym";
				ENABLE_NS_ASSERTIONS = NO;
				ENABLE_STRICT_OBJC_MSGSEND = YES;
				GCC_C_LANGUAGE_STANDARD = gnu11;
				GCC_NO_COMMON_BLOCKS = YES;
				GCC_WARN_64_TO_32_BIT_CONVERSION = YES;
				GCC_WARN_ABOUT_RETURN_TYPE = YES_ERROR;
				GCC_WARN_UNDECLARED_SELECTOR = YES;
				GCC_WARN_UNINITIALIZED_AUTOS = YES_AGGRESSIVE;
				GCC_WARN_UNUSED_FUNCTION = YES;
				GCC_WARN_UNUSED_VARIABLE = YES;
				MACOSX_DEPLOYMENT_TARGET = 10.13;
				MTL_ENABLE_DEBUG_INFO = NO;
				SDKROOT = macosx;
				SWIFT_COMPILATION_MODE = wholemodule;
				SWIFT_OPTIMIZATION_LEVEL = "-O";
			};
			name = Release;
		};
		0383D94D20EB8F5200A27010 /* Debug */ = {
			isa = XCBuildConfiguration;
			buildSettings = {
				ASSETCATALOG_COMPILER_APPICON_NAME = AppIcon;
				CODE_SIGN_IDENTITY = "-";
				CODE_SIGN_STYLE = Automatic;
				COMBINE_HIDPI_IMAGES = YES;
				INFOPLIST_FILE = AutoCompleteTextField/Info.plist;
				LD_RUNPATH_SEARCH_PATHS = (
					"$(inherited)",
					"@executable_path/../Frameworks",
				);
				PRODUCT_BUNDLE_IDENTIFIER = com.thierry24100..AutoCompleteTextField;
				PRODUCT_NAME = "$(TARGET_NAME)";
				SWIFT_VERSION = 5.0;
			};
			name = Debug;
		};
		0383D94E20EB8F5200A27010 /* Release */ = {
			isa = XCBuildConfiguration;
			buildSettings = {
				ASSETCATALOG_COMPILER_APPICON_NAME = AppIcon;
				CODE_SIGN_IDENTITY = "-";
				CODE_SIGN_STYLE = Automatic;
				COMBINE_HIDPI_IMAGES = YES;
				INFOPLIST_FILE = AutoCompleteTextField/Info.plist;
				LD_RUNPATH_SEARCH_PATHS = (
					"$(inherited)",
					"@executable_path/../Frameworks",
				);
				PRODUCT_BUNDLE_IDENTIFIER = com.thierry24100..AutoCompleteTextField;
				PRODUCT_NAME = "$(TARGET_NAME)";
				SWIFT_VERSION = 5.0;
			};
			name = Release;
		};
		0383D95020EB8F5200A27010 /* Debug */ = {
			isa = XCBuildConfiguration;
			buildSettings = {
				ALWAYS_EMBED_SWIFT_STANDARD_LIBRARIES = YES;
				BUNDLE_LOADER = "$(TEST_HOST)";
				CODE_SIGN_STYLE = Automatic;
				COMBINE_HIDPI_IMAGES = YES;
				INFOPLIST_FILE = AutoCompleteTextFieldTests/Info.plist;
				LD_RUNPATH_SEARCH_PATHS = (
					"$(inherited)",
					"@executable_path/../Frameworks",
					"@loader_path/../Frameworks",
				);
				PRODUCT_BUNDLE_IDENTIFIER = com.thierry24100..AutoCompleteTextFieldTests;
				PRODUCT_NAME = "$(TARGET_NAME)";
				SWIFT_VERSION = 5.0;
				TEST_HOST = "$(BUILT_PRODUCTS_DIR)/AutoCompleteTextField.app/Contents/MacOS/AutoCompleteTextField";
			};
			name = Debug;
		};
		0383D95120EB8F5200A27010 /* Release */ = {
			isa = XCBuildConfiguration;
			buildSettings = {
				ALWAYS_EMBED_SWIFT_STANDARD_LIBRARIES = YES;
				BUNDLE_LOADER = "$(TEST_HOST)";
				CODE_SIGN_STYLE = Automatic;
				COMBINE_HIDPI_IMAGES = YES;
				INFOPLIST_FILE = AutoCompleteTextFieldTests/Info.plist;
				LD_RUNPATH_SEARCH_PATHS = (
					"$(inherited)",
					"@executable_path/../Frameworks",
					"@loader_path/../Frameworks",
				);
				PRODUCT_BUNDLE_IDENTIFIER = com.thierry24100..AutoCompleteTextFieldTests;
				PRODUCT_NAME = "$(TARGET_NAME)";
				SWIFT_VERSION = 5.0;
				TEST_HOST = "$(BUILT_PRODUCTS_DIR)/AutoCompleteTextField.app/Contents/MacOS/AutoCompleteTextField";
			};
			name = Release;
		};
		0383D95320EB8F5200A27010 /* Debug */ = {
			isa = XCBuildConfiguration;
			buildSettings = {
				ALWAYS_EMBED_SWIFT_STANDARD_LIBRARIES = YES;
				CODE_SIGN_STYLE = Automatic;
				COMBINE_HIDPI_IMAGES = YES;
				INFOPLIST_FILE = AutoCompleteTextFieldUITests/Info.plist;
				LD_RUNPATH_SEARCH_PATHS = (
					"$(inherited)",
					"@executable_path/../Frameworks",
					"@loader_path/../Frameworks",
				);
				PRODUCT_BUNDLE_IDENTIFIER = com.thierry24100..AutoCompleteTextFieldUITests;
				PRODUCT_NAME = "$(TARGET_NAME)";
				SWIFT_VERSION = 5.0;
				TEST_TARGET_NAME = AutoCompleteTextField;
			};
			name = Debug;
		};
		0383D95420EB8F5200A27010 /* Release */ = {
			isa = XCBuildConfiguration;
			buildSettings = {
				ALWAYS_EMBED_SWIFT_STANDARD_LIBRARIES = YES;
				CODE_SIGN_STYLE = Automatic;
				COMBINE_HIDPI_IMAGES = YES;
				INFOPLIST_FILE = AutoCompleteTextFieldUITests/Info.plist;
				LD_RUNPATH_SEARCH_PATHS = (
					"$(inherited)",
					"@executable_path/../Frameworks",
					"@loader_path/../Frameworks",
				);
				PRODUCT_BUNDLE_IDENTIFIER = com.thierry24100..AutoCompleteTextFieldUITests;
				PRODUCT_NAME = "$(TARGET_NAME)";
				SWIFT_VERSION = 5.0;
				TEST_TARGET_NAME = AutoCompleteTextField;
			};
			name = Release;
		};
/* End XCBuildConfiguration section */

/* Begin XCConfigurationList section */
		0383D92320EB8F5000A27010 /* Build configuration list for PBXProject "AutoCompleteTextField" */ = {
			isa = XCConfigurationList;
			buildConfigurations = (
				0383D94A20EB8F5200A27010 /* Debug */,
				0383D94B20EB8F5200A27010 /* Release */,
			);
			defaultConfigurationIsVisible = 0;
			defaultConfigurationName = Release;
		};
		0383D94C20EB8F5200A27010 /* Build configuration list for PBXNativeTarget "AutoCompleteTextField" */ = {
			isa = XCConfigurationList;
			buildConfigurations = (
				0383D94D20EB8F5200A27010 /* Debug */,
				0383D94E20EB8F5200A27010 /* Release */,
			);
			defaultConfigurationIsVisible = 0;
			defaultConfigurationName = Release;
		};
		0383D94F20EB8F5200A27010 /* Build configuration list for PBXNativeTarget "AutoCompleteTextFieldTests" */ = {
			isa = XCConfigurationList;
			buildConfigurations = (
				0383D95020EB8F5200A27010 /* Debug */,
				0383D95120EB8F5200A27010 /* Release */,
			);
			defaultConfigurationIsVisible = 0;
			defaultConfigurationName = Release;
		};
		0383D95220EB8F5200A27010 /* Build configuration list for PBXNativeTarget "AutoCompleteTextFieldUITests" */ = {
			isa = XCConfigurationList;
			buildConfigurations = (
				0383D95320EB8F5200A27010 /* Debug */,
				0383D95420EB8F5200A27010 /* Release */,
			);
			defaultConfigurationIsVisible = 0;
			defaultConfigurationName = Release;
		};
/* End XCConfigurationList section */
	};
	rootObject = 0383D92020EB8F5000A27010 /* Project object */;
}
